
Microsoft Visual Studio Solution File, Format Version 12.00
# Visual Studio Version 17
VisualStudioVersion = 17.7.34024.191
MinimumVisualStudioVersion = 10.0.40219.1
Project("{FAE04EC0-301F-11D3-BF4B-00C04F79EFBC}") = "LabProblem1", "LabProblem1\LabProblem1.csproj", "{7E16F77C-D618-4912-946F-1299384E9398}"
EndProject
Project("{9A19103F-16F7-4668-BE54-9A1E7A4F7556}") = "TestProject1", "TestProject1\TestProject1.csproj", "{549C363C-DB81-407D-97F4-D84134563E08}"
EndProject
Global
	GlobalSection(SolutionConfigurationPlatforms) = preSolution
		Debug|Any CPU = Debug|Any CPU
		Release|Any CPU = Release|Any CPU
	EndGlobalSection
	GlobalSection(ProjectConfigurationPlatforms) = postSolution
		{7E16F77C-D618-4912-946F-1299384E9398}.Debug|Any CPU.ActiveCfg = Debug|Any CPU
		{7E16F77C-D618-4912-946F-1299384E9398}.Debug|Any CPU.Build.0 = Debug|Any CPU
		{7E16F77C-D618-4912-946F-1299384E9398}.Release|Any CPU.ActiveCfg = Release|Any CPU
		{7E16F77C-D618-4912-946F-1299384E9398}.Release|Any CPU.Build.0 = Release|Any CPU
		{549C363C-DB81-407D-97F4-D84134563E08}.Debug|Any CPU.ActiveCfg = Debug|Any CPU
		{549C363C-DB81-407D-97F4-D84134563E08}.Debug|Any CPU.Build.0 = Debug|Any CPU
		{549C363C-DB81-407D-97F4-D84134563E08}.Release|Any CPU.ActiveCfg = Release|Any CPU
		{549C363C-DB81-407D-97F4-D84134563E08}.Release|Any CPU.Build.0 = Release|Any CPU
	EndGlobalSection
	GlobalSection(SolutionProperties) = preSolution
		HideSolutionNode = FALSE
	EndGlobalSection
	GlobalSection(ExtensibilityGlobals) = postSolution
		SolutionGuid = {C0026D4D-B4F1-440E-B98D-DB869D6D2361}
	EndGlobalSection
EndGlobal
