
Microsoft Visual Studio Solution File, Format Version 12.00
# Visual Studio Version 17
VisualStudioVersion = 17.7.34024.191
MinimumVisualStudioVersion = 10.0.40219.1
Project("{FAE04EC0-301F-11D3-BF4B-00C04F79EFBC}") = "RestAPIassignment", "RestAPIassignment.csproj", "{87E15CEB-593E-4A30-9E62-49B72E7C8CD6}"
EndProject
Global
	GlobalSection(SolutionConfigurationPlatforms) = preSolution
		Debug|Any CPU = Debug|Any CPU
		Release|Any CPU = Release|Any CPU
	EndGlobalSection
	GlobalSection(ProjectConfigurationPlatforms) = postSolution
		{87E15CEB-593E-4A30-9E62-49B72E7C8CD6}.Debug|Any CPU.ActiveCfg = Debug|Any CPU
		{87E15CEB-593E-4A30-9E62-49B72E7C8CD6}.Debug|Any CPU.Build.0 = Debug|Any CPU
		{87E15CEB-593E-4A30-9E62-49B72E7C8CD6}.Release|Any CPU.ActiveCfg = Release|Any CPU
		{87E15CEB-593E-4A30-9E62-49B72E7C8CD6}.Release|Any CPU.Build.0 = Release|Any CPU
	EndGlobalSection
	GlobalSection(SolutionProperties) = preSolution
		HideSolutionNode = FALSE
	EndGlobalSection
	GlobalSection(ExtensibilityGlobals) = postSolution
		SolutionGuid = {1A6D61C8-54D7-4633-A983-66B866BE4527}
	EndGlobalSection
EndGlobal
