
Microsoft Visual Studio Solution File, Format Version 12.00
# Visual Studio Version 17
VisualStudioVersion = 17.7.34024.191
MinimumVisualStudioVersion = 10.0.40219.1
Project("{FAE04EC0-301F-11D3-BF4B-00C04F79EFBC}") = "LabProblem3", "LabProblem3\LabProblem3.csproj", "{A057433B-A4A7-4565-A44E-83FB1B172E2D}"
EndProject
Global
	GlobalSection(SolutionConfigurationPlatforms) = preSolution
		Debug|Any CPU = Debug|Any CPU
		Release|Any CPU = Release|Any CPU
	EndGlobalSection
	GlobalSection(ProjectConfigurationPlatforms) = postSolution
		{A057433B-A4A7-4565-A44E-83FB1B172E2D}.Debug|Any CPU.ActiveCfg = Debug|Any CPU
		{A057433B-A4A7-4565-A44E-83FB1B172E2D}.Debug|Any CPU.Build.0 = Debug|Any CPU
		{A057433B-A4A7-4565-A44E-83FB1B172E2D}.Release|Any CPU.ActiveCfg = Release|Any CPU
		{A057433B-A4A7-4565-A44E-83FB1B172E2D}.Release|Any CPU.Build.0 = Release|Any CPU
	EndGlobalSection
	GlobalSection(SolutionProperties) = preSolution
		HideSolutionNode = FALSE
	EndGlobalSection
	GlobalSection(ExtensibilityGlobals) = postSolution
		SolutionGuid = {D0B74364-5E3A-4215-8A74-8BCA5D4023E8}
	EndGlobalSection
EndGlobal
